// !$*UTF8*$!
{
	archiveVersion = 1;
	classes = {
	};
	objectVersion = 56;
	objects = {

/* Begin PBXBuildFile section */
		11385BE32C3B23C00008F353 /* TrendGraphToolTipView.swift in Sources */ = {isa = PBXBuildFile; fileRef = 11385BE22C3B23C00008F353 /* TrendGraphToolTipView.swift */; };
		11385BE52C3B251C0008F353 /* Date+TrendGraphView.swift in Sources */ = {isa = PBXBuildFile; fileRef = 11385BE42C3B251C0008F353 /* Date+TrendGraphView.swift */; };
		11385BE72C3B25630008F353 /* GlucoseModel.swift in Sources */ = {isa = PBXBuildFile; fileRef = 11385BE62C3B25630008F353 /* GlucoseModel.swift */; };
		11385BE92C3B25D30008F353 /* TrendGraphViewModel.swift in Sources */ = {isa = PBXBuildFile; fileRef = 11385BE82C3B25D30008F353 /* TrendGraphViewModel.swift */; };
		11385BEB2C3B26390008F353 /* StripLineView.swift in Sources */ = {isa = PBXBuildFile; fileRef = 11385BEA2C3B26390008F353 /* StripLineView.swift */; };
		11385BED2C3B270B0008F353 /* View+TrendGraphView.swift in Sources */ = {isa = PBXBuildFile; fileRef = 11385BEC2C3B270B0008F353 /* View+TrendGraphView.swift */; };
		11CBC80D2C342D58005B10CD /* TrendGraphPOCApp.swift in Sources */ = {isa = PBXBuildFile; fileRef = 11CBC80C2C342D58005B10CD /* TrendGraphPOCApp.swift */; };
		11CBC80F2C342D58005B10CD /* TrendGraphView.swift in Sources */ = {isa = PBXBuildFile; fileRef = 11CBC80E2C342D58005B10CD /* TrendGraphView.swift */; };
		11CBC8112C342D59005B10CD /* Assets.xcassets in Resources */ = {isa = PBXBuildFile; fileRef = 11CBC8102C342D59005B10CD /* Assets.xcassets */; };
		11CBC8152C342D59005B10CD /* Preview Assets.xcassets in Resources */ = {isa = PBXBuildFile; fileRef = 11CBC8142C342D59005B10CD /* Preview Assets.xcassets */; };
/* End PBXBuildFile section */

/* Begin PBXFileReference section */
		11385BE22C3B23C00008F353 /* TrendGraphToolTipView.swift */ = {isa = PBXFileReference; lastKnownFileType = sourcecode.swift; path = TrendGraphToolTipView.swift; sourceTree = "<group>"; };
		11385BE42C3B251C0008F353 /* Date+TrendGraphView.swift */ = {isa = PBXFileReference; lastKnownFileType = sourcecode.swift; path = "Date+TrendGraphView.swift"; sourceTree = "<group>"; };
		11385BE62C3B25630008F353 /* GlucoseModel.swift */ = {isa = PBXFileReference; lastKnownFileType = sourcecode.swift; path = GlucoseModel.swift; sourceTree = "<group>"; };
		11385BE82C3B25D30008F353 /* TrendGraphViewModel.swift */ = {isa = PBXFileReference; lastKnownFileType = sourcecode.swift; path = TrendGraphViewModel.swift; sourceTree = "<group>"; };
		11385BEA2C3B26390008F353 /* StripLineView.swift */ = {isa = PBXFileReference; lastKnownFileType = sourcecode.swift; path = StripLineView.swift; sourceTree = "<group>"; };
		11385BEC2C3B270B0008F353 /* View+TrendGraphView.swift */ = {isa = PBXFileReference; lastKnownFileType = sourcecode.swift; path = "View+TrendGraphView.swift"; sourceTree = "<group>"; };
		11CBC8092C342D58005B10CD /* TrendGraphPOC.app */ = {isa = PBXFileReference; explicitFileType = wrapper.application; includeInIndex = 0; path = TrendGraphPOC.app; sourceTree = BUILT_PRODUCTS_DIR; };
		11CBC80C2C342D58005B10CD /* TrendGraphPOCApp.swift */ = {isa = PBXFileReference; lastKnownFileType = sourcecode.swift; path = TrendGraphPOCApp.swift; sourceTree = "<group>"; };
		11CBC80E2C342D58005B10CD /* TrendGraphView.swift */ = {isa = PBXFileReference; lastKnownFileType = sourcecode.swift; path = TrendGraphView.swift; sourceTree = "<group>"; };
		11CBC8102C342D59005B10CD /* Assets.xcassets */ = {isa = PBXFileReference; lastKnownFileType = folder.assetcatalog; path = Assets.xcassets; sourceTree = "<group>"; };
		11CBC8122C342D59005B10CD /* TrendGraphPOC.entitlements */ = {isa = PBXFileReference; lastKnownFileType = text.plist.entitlements; path = TrendGraphPOC.entitlements; sourceTree = "<group>"; };
		11CBC8142C342D59005B10CD /* Preview Assets.xcassets */ = {isa = PBXFileReference; lastKnownFileType = folder.assetcatalog; path = "Preview Assets.xcassets"; sourceTree = "<group>"; };
/* End PBXFileReference section */

/* Begin PBXFrameworksBuildPhase section */
		11CBC8062C342D58005B10CD /* Frameworks */ = {
			isa = PBXFrameworksBuildPhase;
			buildActionMask = 2147483647;
			files = (
			);
			runOnlyForDeploymentPostprocessing = 0;
		};
/* End PBXFrameworksBuildPhase section */

/* Begin PBXGroup section */
		11385BEE2C3B274B0008F353 /* Views */ = {
			isa = PBXGroup;
			children = (
				11CBC80C2C342D58005B10CD /* TrendGraphPOCApp.swift */,
				11CBC80E2C342D58005B10CD /* TrendGraphView.swift */,
				11385BEA2C3B26390008F353 /* StripLineView.swift */,
				11385BE22C3B23C00008F353 /* TrendGraphToolTipView.swift */,
			);
			path = Views;
			sourceTree = "<group>";
		};
		11385BEF2C3B27520008F353 /* ViewModel */ = {
			isa = PBXGroup;
			children = (
				11385BE82C3B25D30008F353 /* TrendGraphViewModel.swift */,
			);
			path = ViewModel;
			sourceTree = "<group>";
		};
		11385BF02C3B275D0008F353 /* Extensions */ = {
			isa = PBXGroup;
			children = (
				11385BF12C3B27830008F353 /* Models */,
				11385BE42C3B251C0008F353 /* Date+TrendGraphView.swift */,
				11385BEC2C3B270B0008F353 /* View+TrendGraphView.swift */,
			);
			path = Extensions;
			sourceTree = "<group>";
		};
		11385BF12C3B27830008F353 /* Models */ = {
			isa = PBXGroup;
			children = (
				11385BE62C3B25630008F353 /* GlucoseModel.swift */,
			);
			path = Models;
			sourceTree = "<group>";
		};
		11CBC8002C342D58005B10CD = {
			isa = PBXGroup;
			children = (
				11CBC80B2C342D58005B10CD /* TrendGraphPOC */,
				11CBC80A2C342D58005B10CD /* Products */,
			);
			sourceTree = "<group>";
		};
		11CBC80A2C342D58005B10CD /* Products */ = {
			isa = PBXGroup;
			children = (
				11CBC8092C342D58005B10CD /* TrendGraphPOC.app */,
			);
			name = Products;
			sourceTree = "<group>";
		};
		11CBC80B2C342D58005B10CD /* TrendGraphPOC */ = {
			isa = PBXGroup;
			children = (
				11385BF02C3B275D0008F353 /* Extensions */,
				11385BEF2C3B27520008F353 /* ViewModel */,
				11385BEE2C3B274B0008F353 /* Views */,
				11CBC8102C342D59005B10CD /* Assets.xcassets */,
				11CBC8122C342D59005B10CD /* TrendGraphPOC.entitlements */,
				11CBC8132C342D59005B10CD /* Preview Content */,
			);
			path = TrendGraphPOC;
			sourceTree = "<group>";
		};
		11CBC8132C342D59005B10CD /* Preview Content */ = {
			isa = PBXGroup;
			children = (
				11CBC8142C342D59005B10CD /* Preview Assets.xcassets */,
			);
			path = "Preview Content";
			sourceTree = "<group>";
		};
/* End PBXGroup section */

/* Begin PBXNativeTarget section */
		11CBC8082C342D58005B10CD /* TrendGraphPOC */ = {
			isa = PBXNativeTarget;
			buildConfigurationList = 11CBC8182C342D59005B10CD /* Build configuration list for PBXNativeTarget "TrendGraphPOC" */;
			buildPhases = (
				11CBC8052C342D58005B10CD /* Sources */,
				11CBC8062C342D58005B10CD /* Frameworks */,
				11CBC8072C342D58005B10CD /* Resources */,
			);
			buildRules = (
			);
			dependencies = (
			);
			name = TrendGraphPOC;
			productName = TrendGraphPOC;
			productReference = 11CBC8092C342D58005B10CD /* TrendGraphPOC.app */;
			productType = "com.apple.product-type.application";
		};
/* End PBXNativeTarget section */

/* Begin PBXProject section */
		11CBC8012C342D58005B10CD /* Project object */ = {
			isa = PBXProject;
			attributes = {
				BuildIndependentTargetsInParallel = 1;
				LastSwiftUpdateCheck = 1540;
				LastUpgradeCheck = 1540;
				TargetAttributes = {
					11CBC8082C342D58005B10CD = {
						CreatedOnToolsVersion = 15.4;
					};
				};
			};
			buildConfigurationList = 11CBC8042C342D58005B10CD /* Build configuration list for PBXProject "TrendGraphPOC" */;
			compatibilityVersion = "Xcode 14.0";
			developmentRegion = en;
			hasScannedForEncodings = 0;
			knownRegions = (
				en,
				Base,
			);
			mainGroup = 11CBC8002C342D58005B10CD;
			productRefGroup = 11CBC80A2C342D58005B10CD /* Products */;
			projectDirPath = "";
			projectRoot = "";
			targets = (
				11CBC8082C342D58005B10CD /* TrendGraphPOC */,
			);
		};
/* End PBXProject section */

/* Begin PBXResourcesBuildPhase section */
		11CBC8072C342D58005B10CD /* Resources */ = {
			isa = PBXResourcesBuildPhase;
			buildActionMask = 2147483647;
			files = (
				11CBC8152C342D59005B10CD /* Preview Assets.xcassets in Resources */,
				11CBC8112C342D59005B10CD /* Assets.xcassets in Resources */,
			);
			runOnlyForDeploymentPostprocessing = 0;
		};
/* End PBXResourcesBuildPhase section */

/* Begin PBXSourcesBuildPhase section */
		11CBC8052C342D58005B10CD /* Sources */ = {
			isa = PBXSourcesBuildPhase;
			buildActionMask = 2147483647;
			files = (
				11385BE32C3B23C00008F353 /* TrendGraphToolTipView.swift in Sources */,
				11CBC80F2C342D58005B10CD /* TrendGraphView.swift in Sources */,
				11385BE72C3B25630008F353 /* GlucoseModel.swift in Sources */,
				11385BE92C3B25D30008F353 /* TrendGraphViewModel.swift in Sources */,
				11385BED2C3B270B0008F353 /* View+TrendGraphView.swift in Sources */,
				11385BEB2C3B26390008F353 /* StripLineView.swift in Sources */,
				11CBC80D2C342D58005B10CD /* TrendGraphPOCApp.swift in Sources */,
				11385BE52C3B251C0008F353 /* Date+TrendGraphView.swift in Sources */,
			);
			runOnlyForDeploymentPostprocessing = 0;
		};
/* End PBXSourcesBuildPhase section */

/* Begin XCBuildConfiguration section */
		11CBC8162C342D59005B10CD /* Debug */ = {
			isa = XCBuildConfiguration;
			buildSettings = {
				ALWAYS_SEARCH_USER_PATHS = NO;
				ASSETCATALOG_COMPILER_GENERATE_SWIFT_ASSET_SYMBOL_EXTENSIONS = YES;
				CLANG_ANALYZER_NONNULL = YES;
				CLANG_ANALYZER_NUMBER_OBJECT_CONVERSION = YES_AGGRESSIVE;
				CLANG_CXX_LANGUAGE_STANDARD = "gnu++20";
				CLANG_ENABLE_MODULES = YES;
				CLANG_ENABLE_OBJC_ARC = YES;
				CLANG_ENABLE_OBJC_WEAK = YES;
				CLANG_WARN_BLOCK_CAPTURE_AUTORELEASING = YES;
				CLANG_WARN_BOOL_CONVERSION = YES;
				CLANG_WARN_COMMA = YES;
				CLANG_WARN_CONSTANT_CONVERSION = YES;
				CLANG_WARN_DEPRECATED_OBJC_IMPLEMENTATIONS = YES;
				CLANG_WARN_DIRECT_OBJC_ISA_USAGE = YES_ERROR;
				CLANG_WARN_DOCUMENTATION_COMMENTS = YES;
				CLANG_WARN_EMPTY_BODY = YES;
				CLANG_WARN_ENUM_CONVERSION = YES;
				CLANG_WARN_INFINITE_RECURSION = YES;
				CLANG_WARN_INT_CONVERSION = YES;
				CLANG_WARN_NON_LITERAL_NULL_CONVERSION = YES;
				CLANG_WARN_OBJC_IMPLICIT_RETAIN_SELF = YES;
				CLANG_WARN_OBJC_LITERAL_CONVERSION = YES;
				CLANG_WARN_OBJC_ROOT_CLASS = YES_ERROR;
				CLANG_WARN_QUOTED_INCLUDE_IN_FRAMEWORK_HEADER = YES;
				CLANG_WARN_RANGE_LOOP_ANALYSIS = YES;
				CLANG_WARN_STRICT_PROTOTYPES = YES;
				CLANG_WARN_SUSPICIOUS_MOVE = YES;
				CLANG_WARN_UNGUARDED_AVAILABILITY = YES_AGGRESSIVE;
				CLANG_WARN_UNREACHABLE_CODE = YES;
				CLANG_WARN__DUPLICATE_METHOD_MATCH = YES;
				COPY_PHASE_STRIP = NO;
				DEBUG_INFORMATION_FORMAT = dwarf;
				ENABLE_STRICT_OBJC_MSGSEND = YES;
				ENABLE_TESTABILITY = YES;
				ENABLE_USER_SCRIPT_SANDBOXING = YES;
				GCC_C_LANGUAGE_STANDARD = gnu17;
				GCC_DYNAMIC_NO_PIC = NO;
				GCC_NO_COMMON_BLOCKS = YES;
				GCC_OPTIMIZATION_LEVEL = 0;
				GCC_PREPROCESSOR_DEFINITIONS = (
					"DEBUG=1",
					"$(inherited)",
				);
				GCC_WARN_64_TO_32_BIT_CONVERSION = YES;
				GCC_WARN_ABOUT_RETURN_TYPE = YES_ERROR;
				GCC_WARN_UNDECLARED_SELECTOR = YES;
				GCC_WARN_UNINITIALIZED_AUTOS = YES_AGGRESSIVE;
				GCC_WARN_UNUSED_FUNCTION = YES;
				GCC_WARN_UNUSED_VARIABLE = YES;
				LOCALIZATION_PREFERS_STRING_CATALOGS = YES;
				MTL_ENABLE_DEBUG_INFO = INCLUDE_SOURCE;
				MTL_FAST_MATH = YES;
				ONLY_ACTIVE_ARCH = YES;
				SWIFT_ACTIVE_COMPILATION_CONDITIONS = "DEBUG $(inherited)";
				SWIFT_OPTIMIZATION_LEVEL = "-Onone";
			};
			name = Debug;
		};
		11CBC8172C342D59005B10CD /* Release */ = {
			isa = XCBuildConfiguration;
			buildSettings = {
				ALWAYS_SEARCH_USER_PATHS = NO;
				ASSETCATALOG_COMPILER_GENERATE_SWIFT_ASSET_SYMBOL_EXTENSIONS = YES;
				CLANG_ANALYZER_NONNULL = YES;
				CLANG_ANALYZER_NUMBER_OBJECT_CONVERSION = YES_AGGRESSIVE;
				CLANG_CXX_LANGUAGE_STANDARD = "gnu++20";
				CLANG_ENABLE_MODULES = YES;
				CLANG_ENABLE_OBJC_ARC = YES;
				CLANG_ENABLE_OBJC_WEAK = YES;
				CLANG_WARN_BLOCK_CAPTURE_AUTORELEASING = YES;
				CLANG_WARN_BOOL_CONVERSION = YES;
				CLANG_WARN_COMMA = YES;
				CLANG_WARN_CONSTANT_CONVERSION = YES;
				CLANG_WARN_DEPRECATED_OBJC_IMPLEMENTATIONS = YES;
				CLANG_WARN_DIRECT_OBJC_ISA_USAGE = YES_ERROR;
				CLANG_WARN_DOCUMENTATION_COMMENTS = YES;
				CLANG_WARN_EMPTY_BODY = YES;
				CLANG_WARN_ENUM_CONVERSION = YES;
				CLANG_WARN_INFINITE_RECURSION = YES;
				CLANG_WARN_INT_CONVERSION = YES;
				CLANG_WARN_NON_LITERAL_NULL_CONVERSION = YES;
				CLANG_WARN_OBJC_IMPLICIT_RETAIN_SELF = YES;
				CLANG_WARN_OBJC_LITERAL_CONVERSION = YES;
				CLANG_WARN_OBJC_ROOT_CLASS = YES_ERROR;
				CLANG_WARN_QUOTED_INCLUDE_IN_FRAMEWORK_HEADER = YES;
				CLANG_WARN_RANGE_LOOP_ANALYSIS = YES;
				CLANG_WARN_STRICT_PROTOTYPES = YES;
				CLANG_WARN_SUSPICIOUS_MOVE = YES;
				CLANG_WARN_UNGUARDED_AVAILABILITY = YES_AGGRESSIVE;
				CLANG_WARN_UNREACHABLE_CODE = YES;
				CLANG_WARN__DUPLICATE_METHOD_MATCH = YES;
				COPY_PHASE_STRIP = NO;
				DEBUG_INFORMATION_FORMAT = "dwarf-with-dsym";
				ENABLE_NS_ASSERTIONS = NO;
				ENABLE_STRICT_OBJC_MSGSEND = YES;
				ENABLE_USER_SCRIPT_SANDBOXING = YES;
				GCC_C_LANGUAGE_STANDARD = gnu17;
				GCC_NO_COMMON_BLOCKS = YES;
				GCC_WARN_64_TO_32_BIT_CONVERSION = YES;
				GCC_WARN_ABOUT_RETURN_TYPE = YES_ERROR;
				GCC_WARN_UNDECLARED_SELECTOR = YES;
				GCC_WARN_UNINITIALIZED_AUTOS = YES_AGGRESSIVE;
				GCC_WARN_UNUSED_FUNCTION = YES;
				GCC_WARN_UNUSED_VARIABLE = YES;
				LOCALIZATION_PREFERS_STRING_CATALOGS = YES;
				MTL_ENABLE_DEBUG_INFO = NO;
				MTL_FAST_MATH = YES;
				SWIFT_COMPILATION_MODE = wholemodule;
			};
			name = Release;
		};
		11CBC8192C342D59005B10CD /* Debug */ = {
			isa = XCBuildConfiguration;
			buildSettings = {
				ASSETCATALOG_COMPILER_APPICON_NAME = AppIcon;
				ASSETCATALOG_COMPILER_GLOBAL_ACCENT_COLOR_NAME = AccentColor;
				CODE_SIGN_ENTITLEMENTS = TrendGraphPOC/TrendGraphPOC.entitlements;
				CODE_SIGN_STYLE = Automatic;
				CURRENT_PROJECT_VERSION = 1;
				DEVELOPMENT_ASSET_PATHS = "\"TrendGraphPOC/Preview Content\"";
				ENABLE_PREVIEWS = YES;
				GENERATE_INFOPLIST_FILE = YES;
				"INFOPLIST_KEY_UIApplicationSceneManifest_Generation[sdk=iphoneos*]" = YES;
				"INFOPLIST_KEY_UIApplicationSceneManifest_Generation[sdk=iphonesimulator*]" = YES;
				"INFOPLIST_KEY_UIApplicationSupportsIndirectInputEvents[sdk=iphoneos*]" = YES;
				"INFOPLIST_KEY_UIApplicationSupportsIndirectInputEvents[sdk=iphonesimulator*]" = YES;
				"INFOPLIST_KEY_UILaunchScreen_Generation[sdk=iphoneos*]" = YES;
				"INFOPLIST_KEY_UILaunchScreen_Generation[sdk=iphonesimulator*]" = YES;
				"INFOPLIST_KEY_UIStatusBarStyle[sdk=iphoneos*]" = UIStatusBarStyleDefault;
				"INFOPLIST_KEY_UIStatusBarStyle[sdk=iphonesimulator*]" = UIStatusBarStyleDefault;
				INFOPLIST_KEY_UISupportedInterfaceOrientations_iPad = "UIInterfaceOrientationPortrait UIInterfaceOrientationPortraitUpsideDown UIInterfaceOrientationLandscapeLeft UIInterfaceOrientationLandscapeRight";
				INFOPLIST_KEY_UISupportedInterfaceOrientations_iPhone = "UIInterfaceOrientationPortrait UIInterfaceOrientationLandscapeLeft UIInterfaceOrientationLandscapeRight";
				IPHONEOS_DEPLOYMENT_TARGET = 17.5;
				LD_RUNPATH_SEARCH_PATHS = "@executable_path/Frameworks";
				"LD_RUNPATH_SEARCH_PATHS[sdk=macosx*]" = "@executable_path/../Frameworks";
				MACOSX_DEPLOYMENT_TARGET = 14.4;
				MARKETING_VERSION = 1.0;
				PRODUCT_BUNDLE_IDENTIFIER = n.TrendGraphPOC;
				PRODUCT_NAME = "$(TARGET_NAME)";
				SDKROOT = auto;
				SUPPORTED_PLATFORMS = "iphoneos iphonesimulator macosx";
				SWIFT_EMIT_LOC_STRINGS = YES;
				SWIFT_VERSION = 5.0;
				TARGETED_DEVICE_FAMILY = "1,2";
			};
			name = Debug;
		};
		11CBC81A2C342D59005B10CD /* Release */ = {
			isa = XCBuildConfiguration;
			buildSettings = {
				ASSETCATALOG_COMPILER_APPICON_NAME = AppIcon;
				ASSETCATALOG_COMPILER_GLOBAL_ACCENT_COLOR_NAME = AccentColor;
				CODE_SIGN_ENTITLEMENTS = TrendGraphPOC/TrendGraphPOC.entitlements;
				CODE_SIGN_STYLE = Automatic;
				CURRENT_PROJECT_VERSION = 1;
				DEVELOPMENT_ASSET_PATHS = "\"TrendGraphPOC/Preview Content\"";
				ENABLE_PREVIEWS = YES;
				GENERATE_INFOPLIST_FILE = YES;
				"INFOPLIST_KEY_UIApplicationSceneManifest_Generation[sdk=iphoneos*]" = YES;
				"INFOPLIST_KEY_UIApplicationSceneManifest_Generation[sdk=iphonesimulator*]" = YES;
				"INFOPLIST_KEY_UIApplicationSupportsIndirectInputEvents[sdk=iphoneos*]" = YES;
				"INFOPLIST_KEY_UIApplicationSupportsIndirectInputEvents[sdk=iphonesimulator*]" = YES;
				"INFOPLIST_KEY_UILaunchScreen_Generation[sdk=iphoneos*]" = YES;
				"INFOPLIST_KEY_UILaunchScreen_Generation[sdk=iphonesimulator*]" = YES;
				"INFOPLIST_KEY_UIStatusBarStyle[sdk=iphoneos*]" = UIStatusBarStyleDefault;
				"INFOPLIST_KEY_UIStatusBarStyle[sdk=iphonesimulator*]" = UIStatusBarStyleDefault;
				INFOPLIST_KEY_UISupportedInterfaceOrientations_iPad = "UIInterfaceOrientationPortrait UIInterfaceOrientationPortraitUpsideDown UIInterfaceOrientationLandscapeLeft UIInterfaceOrientationLandscapeRight";
				INFOPLIST_KEY_UISupportedInterfaceOrientations_iPhone = "UIInterfaceOrientationPortrait UIInterfaceOrientationLandscapeLeft UIInterfaceOrientationLandscapeRight";
				IPHONEOS_DEPLOYMENT_TARGET = 17.5;
				LD_RUNPATH_SEARCH_PATHS = "@executable_path/Frameworks";
				"LD_RUNPATH_SEARCH_PATHS[sdk=macosx*]" = "@executable_path/../Frameworks";
				MACOSX_DEPLOYMENT_TARGET = 14.4;
				MARKETING_VERSION = 1.0;
				PRODUCT_BUNDLE_IDENTIFIER = n.TrendGraphPOC;
				PRODUCT_NAME = "$(TARGET_NAME)";
				SDKROOT = auto;
				SUPPORTED_PLATFORMS = "iphoneos iphonesimulator macosx";
				SWIFT_EMIT_LOC_STRINGS = YES;
				SWIFT_VERSION = 5.0;
				TARGETED_DEVICE_FAMILY = "1,2";
			};
			name = Release;
		};
/* End XCBuildConfiguration section */

/* Begin XCConfigurationList section */
		11CBC8042C342D58005B10CD /* Build configuration list for PBXProject "TrendGraphPOC" */ = {
			isa = XCConfigurationList;
			buildConfigurations = (
				11CBC8162C342D59005B10CD /* Debug */,
				11CBC8172C342D59005B10CD /* Release */,
			);
			defaultConfigurationIsVisible = 0;
			defaultConfigurationName = Release;
		};
		11CBC8182C342D59005B10CD /* Build configuration list for PBXNativeTarget "TrendGraphPOC" */ = {
			isa = XCConfigurationList;
			buildConfigurations = (
				11CBC8192C342D59005B10CD /* Debug */,
				11CBC81A2C342D59005B10CD /* Release */,
			);
			defaultConfigurationIsVisible = 0;
			defaultConfigurationName = Release;
		};
/* End XCConfigurationList section */
	};
	rootObject = 11CBC8012C342D58005B10CD /* Project object */;
}
